
Microsoft Visual Studio Solution File, Format Version 12.00
# Visual Studio Version 17
VisualStudioVersion = 17.6.33815.320
MinimumVisualStudioVersion = 10.0.40219.1
Project("{8BC9CEB8-8B4A-11D0-8D11-00A0C91BC942}") = "stm8", "stm8.vcxproj", "{69678799-B84B-41CA-9EF5-2FAF3FD17A41}"
EndProject
Global
	GlobalSection(SolutionConfigurationPlatforms) = preSolution
		Release|x64 = Release|x64
	EndGlobalSection
	GlobalSection(ProjectConfigurationPlatforms) = postSolution
		{69678799-B84B-41CA-9EF5-2FAF3FD17A41}.Release|x64.ActiveCfg = Release|x64
		{69678799-B84B-41CA-9EF5-2FAF3FD17A41}.Release|x64.Build.0 = Release|x64
	EndGlobalSection
	GlobalSection(SolutionProperties) = preSolution
		HideSolutionNode = FALSE
	EndGlobalSection
	GlobalSection(ExtensibilityGlobals) = postSolution
		SolutionGuid = {DFDE9349-1CD9-42EB-8E76-B92FC0281573}
	EndGlobalSection
EndGlobal
